{
  "version": 4,
  "terraform_version": "1.4.1",
  "serial": 3,
  "lineage": "04c2831d-1a69-6436-c329-f28f1df72e4e",
  "outputs": {},
  "resources": [
    {
      "mode": "managed",
      "type": "local_file",
      "name": "foo",
      "provider": "provider[\"registry.terraform.io/hashicorp/local\"]",
      "instances": [
        {
          "schema_version": 0,
          "attributes": {
            "content": "valami",
            "content_base64": null,
            "content_base64sha256": "vk4wdWR4d56RrcAtvfIsu5c5mAzoEBFV6Bqx05TXUW4=",
            "content_base64sha512": "Tdj7++pX+pxxakz9H7ymV4UfInAY3ERBnLliwzE8UB+zxl9MGG6+AfOnAZsrBQQSWTxe4YRX1Stw4t2LVGyKgA==",
            "content_md5": "249d6c99eff6d0ef6c470e4254629323",
            "content_sha1": "5fb6dfa00b3cb9a754c6bc1a075b822a032e48b3",
            "content_sha256": "be4e30756478779e91adc02dbdf22cbb9739980ce8101155e81ab1d394d7516e",
            "content_sha512": "4dd8fbfbea57fa9c716a4cfd1fbca657851f227018dc44419cb962c3313c501fb3c65f4c186ebe01f3a7019b2b050412593c5ee18457d52b70e2dd8b546c8a80",
            "directory_permission": "0777",
            "file_permission": "0777",
            "filename": "D:\\dn3opw\\terraform\\git\\cloud_hun\\dn3opw\\bar.txt",
            "id": "5fb6dfa00b3cb9a754c6bc1a075b822a032e48b3",
            "sensitive_content": null,
            "source": null
          },
          "sensitive_attributes": []
        }
      ]
    }
  ],
  "check_results": null
}
